
Microsoft Visual Studio Solution File, Format Version 12.00
# Visual Studio 15
VisualStudioVersion = 15.0.26730.8
MinimumVisualStudioVersion = 10.0.40219.1
Project("{FAE04EC0-301F-11D3-BF4B-00C04F79EFBC}") = "FormApplication", "FormApplication\FormApplication.csproj", "{BEAEEB82-2798-48C4-AE5A-91BD268EA58D}"
EndProject
Global
	GlobalSection(SolutionConfigurationPlatforms) = preSolution
		Debug|Any CPU = Debug|Any CPU
		Release|Any CPU = Release|Any CPU
	EndGlobalSection
	GlobalSection(ProjectConfigurationPlatforms) = postSolution
		{BEAEEB82-2798-48C4-AE5A-91BD268EA58D}.Debug|Any CPU.ActiveCfg = Debug|Any CPU
		{BEAEEB82-2798-48C4-AE5A-91BD268EA58D}.Debug|Any CPU.Build.0 = Debug|Any CPU
		{BEAEEB82-2798-48C4-AE5A-91BD268EA58D}.Release|Any CPU.ActiveCfg = Release|Any CPU
		{BEAEEB82-2798-48C4-AE5A-91BD268EA58D}.Release|Any CPU.Build.0 = Release|Any CPU
	EndGlobalSection
	GlobalSection(SolutionProperties) = preSolution
		HideSolutionNode = FALSE
	EndGlobalSection
	GlobalSection(ExtensibilityGlobals) = postSolution
		SolutionGuid = {0D8039A4-74FA-4BF8-A163-7A2DA1B96E71}
	EndGlobalSection
EndGlobal
